// !$*UTF8*$!
{
	archiveVersion = 1;
	classes = {
	};
	objectVersion = 51;
	objects = {

/* Begin PBXBuildFile section */
		0A7AAA3F115C965E4DD4077B /* Pods_Cocktail_DB.framework in Frameworks */ = {isa = PBXBuildFile; fileRef = E1F3C611AD3638FC44E446EE /* Pods_Cocktail_DB.framework */; };
		444B867F24C1C09800E6B102 /* DrinkTVC.swift in Sources */ = {isa = PBXBuildFile; fileRef = 444B867E24C1C09800E6B102 /* DrinkTVC.swift */; };
		444B868124C1C0A400E6B102 /* FilterTVC.swift in Sources */ = {isa = PBXBuildFile; fileRef = 444B868024C1C0A400E6B102 /* FilterTVC.swift */; };
		44CD68A324C2675C00D81559 /* CustomNavBar.xib in Resources */ = {isa = PBXBuildFile; fileRef = 44CD68A224C2675C00D81559 /* CustomNavBar.xib */; };
		44CD68A524C26C8100D81559 /* CustomNavBar.swift in Sources */ = {isa = PBXBuildFile; fileRef = 44CD68A424C26C8100D81559 /* CustomNavBar.swift */; };
		44CD68A824C26EA600D81559 /* CustomVC.swift in Sources */ = {isa = PBXBuildFile; fileRef = 44CD68A724C26EA600D81559 /* CustomVC.swift */; };
		44E3D87E24C094A6005B8E82 /* AppDelegate.swift in Sources */ = {isa = PBXBuildFile; fileRef = 44E3D87D24C094A6005B8E82 /* AppDelegate.swift */; };
		44E3D88224C094A6005B8E82 /* DrinksVC.swift in Sources */ = {isa = PBXBuildFile; fileRef = 44E3D88124C094A6005B8E82 /* DrinksVC.swift */; };
		44E3D88524C094A6005B8E82 /* Main.storyboard in Resources */ = {isa = PBXBuildFile; fileRef = 44E3D88324C094A6005B8E82 /* Main.storyboard */; };
		44E3D88724C094AC005B8E82 /* Assets.xcassets in Resources */ = {isa = PBXBuildFile; fileRef = 44E3D88624C094AC005B8E82 /* Assets.xcassets */; };
		44E3D88A24C094AC005B8E82 /* LaunchScreen.storyboard in Resources */ = {isa = PBXBuildFile; fileRef = 44E3D88824C094AC005B8E82 /* LaunchScreen.storyboard */; };
		44E3D89624C099D2005B8E82 /* APIManager.swift in Sources */ = {isa = PBXBuildFile; fileRef = 44E3D89524C099D2005B8E82 /* APIManager.swift */; };
		44E3D89924C099E9005B8E82 /* Constants.swift in Sources */ = {isa = PBXBuildFile; fileRef = 44E3D89824C099E9005B8E82 /* Constants.swift */; };
		44E3D8A724C09AFC005B8E82 /* Roboto-Black.ttf in Resources */ = {isa = PBXBuildFile; fileRef = 44E3D89B24C09AFB005B8E82 /* Roboto-Black.ttf */; };
		44E3D8A824C09AFC005B8E82 /* Roboto-LightItalic.ttf in Resources */ = {isa = PBXBuildFile; fileRef = 44E3D89C24C09AFB005B8E82 /* Roboto-LightItalic.ttf */; };
		44E3D8A924C09AFC005B8E82 /* Roboto-Medium.ttf in Resources */ = {isa = PBXBuildFile; fileRef = 44E3D89D24C09AFB005B8E82 /* Roboto-Medium.ttf */; };
		44E3D8AA24C09AFC005B8E82 /* Roboto-Italic.ttf in Resources */ = {isa = PBXBuildFile; fileRef = 44E3D89E24C09AFB005B8E82 /* Roboto-Italic.ttf */; };
		44E3D8AB24C09AFC005B8E82 /* Roboto-Bold.ttf in Resources */ = {isa = PBXBuildFile; fileRef = 44E3D89F24C09AFB005B8E82 /* Roboto-Bold.ttf */; };
		44E3D8AC24C09AFC005B8E82 /* Roboto-BlackItalic.ttf in Resources */ = {isa = PBXBuildFile; fileRef = 44E3D8A024C09AFB005B8E82 /* Roboto-BlackItalic.ttf */; };
		44E3D8AD24C09AFC005B8E82 /* Roboto-MediumItalic.ttf in Resources */ = {isa = PBXBuildFile; fileRef = 44E3D8A124C09AFB005B8E82 /* Roboto-MediumItalic.ttf */; };
		44E3D8AE24C09AFC005B8E82 /* Roboto-ThinItalic.ttf in Resources */ = {isa = PBXBuildFile; fileRef = 44E3D8A224C09AFB005B8E82 /* Roboto-ThinItalic.ttf */; };
		44E3D8AF24C09AFC005B8E82 /* Roboto-Regular.ttf in Resources */ = {isa = PBXBuildFile; fileRef = 44E3D8A324C09AFB005B8E82 /* Roboto-Regular.ttf */; };
		44E3D8B024C09AFC005B8E82 /* Roboto-Light.ttf in Resources */ = {isa = PBXBuildFile; fileRef = 44E3D8A424C09AFB005B8E82 /* Roboto-Light.ttf */; };
		44E3D8B124C09AFC005B8E82 /* Roboto-Thin.ttf in Resources */ = {isa = PBXBuildFile; fileRef = 44E3D8A524C09AFC005B8E82 /* Roboto-Thin.ttf */; };
		44E3D8B224C09AFC005B8E82 /* Roboto-BoldItalic.ttf in Resources */ = {isa = PBXBuildFile; fileRef = 44E3D8A624C09AFC005B8E82 /* Roboto-BoldItalic.ttf */; };
		44E3D8B624C0AEBB005B8E82 /* FiltersVC.swift in Sources */ = {isa = PBXBuildFile; fileRef = 44E3D8B524C0AEBB005B8E82 /* FiltersVC.swift */; };
		44E3D8B824C0B8B0005B8E82 /* FiltersVM.swift in Sources */ = {isa = PBXBuildFile; fileRef = 44E3D8B724C0B8B0005B8E82 /* FiltersVM.swift */; };
		44E3D8BA24C0B8BB005B8E82 /* DrinksVM.swift in Sources */ = {isa = PBXBuildFile; fileRef = 44E3D8B924C0B8BB005B8E82 /* DrinksVM.swift */; };
		44E3D8BC24C0BCC0005B8E82 /* FilterModel.swift in Sources */ = {isa = PBXBuildFile; fileRef = 44E3D8BB24C0BCC0005B8E82 /* FilterModel.swift */; };
		44E3D8BE24C0BDEB005B8E82 /* DrinkModel.swift in Sources */ = {isa = PBXBuildFile; fileRef = 44E3D8BD24C0BDEB005B8E82 /* DrinkModel.swift */; };
/* End PBXBuildFile section */

/* Begin PBXFileReference section */
		11881BC0DC3511BDBB7F7702 /* Pods-Cocktail DB.debug.xcconfig */ = {isa = PBXFileReference; includeInIndex = 1; lastKnownFileType = text.xcconfig; name = "Pods-Cocktail DB.debug.xcconfig"; path = "Target Support Files/Pods-Cocktail DB/Pods-Cocktail DB.debug.xcconfig"; sourceTree = "<group>"; };
		444B867E24C1C09800E6B102 /* DrinkTVC.swift */ = {isa = PBXFileReference; lastKnownFileType = sourcecode.swift; path = DrinkTVC.swift; sourceTree = "<group>"; };
		444B868024C1C0A400E6B102 /* FilterTVC.swift */ = {isa = PBXFileReference; lastKnownFileType = sourcecode.swift; path = FilterTVC.swift; sourceTree = "<group>"; };
		44CD68A224C2675C00D81559 /* CustomNavBar.xib */ = {isa = PBXFileReference; lastKnownFileType = file.xib; path = CustomNavBar.xib; sourceTree = "<group>"; };
		44CD68A424C26C8100D81559 /* CustomNavBar.swift */ = {isa = PBXFileReference; lastKnownFileType = sourcecode.swift; path = CustomNavBar.swift; sourceTree = "<group>"; };
		44CD68A724C26EA600D81559 /* CustomVC.swift */ = {isa = PBXFileReference; lastKnownFileType = sourcecode.swift; path = CustomVC.swift; sourceTree = "<group>"; };
		44E3D87A24C094A6005B8E82 /* Cocktail DB.app */ = {isa = PBXFileReference; explicitFileType = wrapper.application; includeInIndex = 0; path = "Cocktail DB.app"; sourceTree = BUILT_PRODUCTS_DIR; };
		44E3D87D24C094A6005B8E82 /* AppDelegate.swift */ = {isa = PBXFileReference; lastKnownFileType = sourcecode.swift; path = AppDelegate.swift; sourceTree = "<group>"; };
		44E3D88124C094A6005B8E82 /* DrinksVC.swift */ = {isa = PBXFileReference; lastKnownFileType = sourcecode.swift; path = DrinksVC.swift; sourceTree = "<group>"; };
		44E3D88424C094A6005B8E82 /* Base */ = {isa = PBXFileReference; lastKnownFileType = file.storyboard; name = Base; path = Base.lproj/Main.storyboard; sourceTree = "<group>"; };
		44E3D88624C094AC005B8E82 /* Assets.xcassets */ = {isa = PBXFileReference; lastKnownFileType = folder.assetcatalog; path = Assets.xcassets; sourceTree = "<group>"; };
		44E3D88924C094AC005B8E82 /* Base */ = {isa = PBXFileReference; lastKnownFileType = file.storyboard; name = Base; path = Base.lproj/LaunchScreen.storyboard; sourceTree = "<group>"; };
		44E3D88B24C094AC005B8E82 /* Info.plist */ = {isa = PBXFileReference; lastKnownFileType = text.plist.xml; path = Info.plist; sourceTree = "<group>"; };
		44E3D89524C099D2005B8E82 /* APIManager.swift */ = {isa = PBXFileReference; lastKnownFileType = sourcecode.swift; path = APIManager.swift; sourceTree = "<group>"; };
		44E3D89824C099E9005B8E82 /* Constants.swift */ = {isa = PBXFileReference; lastKnownFileType = sourcecode.swift; path = Constants.swift; sourceTree = "<group>"; };
		44E3D89B24C09AFB005B8E82 /* Roboto-Black.ttf */ = {isa = PBXFileReference; lastKnownFileType = file; path = "Roboto-Black.ttf"; sourceTree = "<group>"; };
		44E3D89C24C09AFB005B8E82 /* Roboto-LightItalic.ttf */ = {isa = PBXFileReference; lastKnownFileType = file; path = "Roboto-LightItalic.ttf"; sourceTree = "<group>"; };
		44E3D89D24C09AFB005B8E82 /* Roboto-Medium.ttf */ = {isa = PBXFileReference; lastKnownFileType = file; path = "Roboto-Medium.ttf"; sourceTree = "<group>"; };
		44E3D89E24C09AFB005B8E82 /* Roboto-Italic.ttf */ = {isa = PBXFileReference; lastKnownFileType = file; path = "Roboto-Italic.ttf"; sourceTree = "<group>"; };
		44E3D89F24C09AFB005B8E82 /* Roboto-Bold.ttf */ = {isa = PBXFileReference; lastKnownFileType = file; path = "Roboto-Bold.ttf"; sourceTree = "<group>"; };
		44E3D8A024C09AFB005B8E82 /* Roboto-BlackItalic.ttf */ = {isa = PBXFileReference; lastKnownFileType = file; path = "Roboto-BlackItalic.ttf"; sourceTree = "<group>"; };
		44E3D8A124C09AFB005B8E82 /* Roboto-MediumItalic.ttf */ = {isa = PBXFileReference; lastKnownFileType = file; path = "Roboto-MediumItalic.ttf"; sourceTree = "<group>"; };
		44E3D8A224C09AFB005B8E82 /* Roboto-ThinItalic.ttf */ = {isa = PBXFileReference; lastKnownFileType = file; path = "Roboto-ThinItalic.ttf"; sourceTree = "<group>"; };
		44E3D8A324C09AFB005B8E82 /* Roboto-Regular.ttf */ = {isa = PBXFileReference; lastKnownFileType = file; path = "Roboto-Regular.ttf"; sourceTree = "<group>"; };
		44E3D8A424C09AFB005B8E82 /* Roboto-Light.ttf */ = {isa = PBXFileReference; lastKnownFileType = file; path = "Roboto-Light.ttf"; sourceTree = "<group>"; };
		44E3D8A524C09AFC005B8E82 /* Roboto-Thin.ttf */ = {isa = PBXFileReference; lastKnownFileType = file; path = "Roboto-Thin.ttf"; sourceTree = "<group>"; };
		44E3D8A624C09AFC005B8E82 /* Roboto-BoldItalic.ttf */ = {isa = PBXFileReference; lastKnownFileType = file; path = "Roboto-BoldItalic.ttf"; sourceTree = "<group>"; };
		44E3D8B524C0AEBB005B8E82 /* FiltersVC.swift */ = {isa = PBXFileReference; lastKnownFileType = sourcecode.swift; path = FiltersVC.swift; sourceTree = "<group>"; };
		44E3D8B724C0B8B0005B8E82 /* FiltersVM.swift */ = {isa = PBXFileReference; lastKnownFileType = sourcecode.swift; path = FiltersVM.swift; sourceTree = "<group>"; };
		44E3D8B924C0B8BB005B8E82 /* DrinksVM.swift */ = {isa = PBXFileReference; lastKnownFileType = sourcecode.swift; path = DrinksVM.swift; sourceTree = "<group>"; };
		44E3D8BB24C0BCC0005B8E82 /* FilterModel.swift */ = {isa = PBXFileReference; lastKnownFileType = sourcecode.swift; path = FilterModel.swift; sourceTree = "<group>"; };
		44E3D8BD24C0BDEB005B8E82 /* DrinkModel.swift */ = {isa = PBXFileReference; lastKnownFileType = sourcecode.swift; path = DrinkModel.swift; sourceTree = "<group>"; };
		E1F3C611AD3638FC44E446EE /* Pods_Cocktail_DB.framework */ = {isa = PBXFileReference; explicitFileType = wrapper.framework; includeInIndex = 0; path = Pods_Cocktail_DB.framework; sourceTree = BUILT_PRODUCTS_DIR; };
		F4D7163E2B5A09C7AD4B66F6 /* Pods-Cocktail DB.release.xcconfig */ = {isa = PBXFileReference; includeInIndex = 1; lastKnownFileType = text.xcconfig; name = "Pods-Cocktail DB.release.xcconfig"; path = "Target Support Files/Pods-Cocktail DB/Pods-Cocktail DB.release.xcconfig"; sourceTree = "<group>"; };
/* End PBXFileReference section */

/* Begin PBXFrameworksBuildPhase section */
		44E3D87724C094A6005B8E82 /* Frameworks */ = {
			isa = PBXFrameworksBuildPhase;
			buildActionMask = 2147483647;
			files = (
				0A7AAA3F115C965E4DD4077B /* Pods_Cocktail_DB.framework in Frameworks */,
			);
			runOnlyForDeploymentPostprocessing = 0;
		};
/* End PBXFrameworksBuildPhase section */

/* Begin PBXGroup section */
		444B867B24C1C07600E6B102 /* Custom Views */ = {
			isa = PBXGroup;
			children = (
				44CD68A624C26E8E00D81559 /* ViewControllers */,
				444B867D24C1C08100E6B102 /* Cells */,
				444B867C24C1C07D00E6B102 /* Views */,
			);
			path = "Custom Views";
			sourceTree = "<group>";
		};
		444B867C24C1C07D00E6B102 /* Views */ = {
			isa = PBXGroup;
			children = (
				44CD68A224C2675C00D81559 /* CustomNavBar.xib */,
				44CD68A424C26C8100D81559 /* CustomNavBar.swift */,
			);
			path = Views;
			sourceTree = "<group>";
		};
		444B867D24C1C08100E6B102 /* Cells */ = {
			isa = PBXGroup;
			children = (
				444B867E24C1C09800E6B102 /* DrinkTVC.swift */,
				444B868024C1C0A400E6B102 /* FilterTVC.swift */,
			);
			path = Cells;
			sourceTree = "<group>";
		};
		44CD68A624C26E8E00D81559 /* ViewControllers */ = {
			isa = PBXGroup;
			children = (
				44CD68A724C26EA600D81559 /* CustomVC.swift */,
			);
			path = ViewControllers;
			sourceTree = "<group>";
		};
		44E3D87124C094A6005B8E82 = {
			isa = PBXGroup;
			children = (
				44E3D87C24C094A6005B8E82 /* Cocktail DB */,
				44E3D87B24C094A6005B8E82 /* Products */,
				5812A548DD03208CD88015D4 /* Pods */,
				B5D599C323429F24F5EDDE0D /* Frameworks */,
			);
			sourceTree = "<group>";
		};
		44E3D87B24C094A6005B8E82 /* Products */ = {
			isa = PBXGroup;
			children = (
				44E3D87A24C094A6005B8E82 /* Cocktail DB.app */,
			);
			name = Products;
			sourceTree = "<group>";
		};
		44E3D87C24C094A6005B8E82 /* Cocktail DB */ = {
			isa = PBXGroup;
			children = (
				444B867B24C1C07600E6B102 /* Custom Views */,
				44E3D89724C099DD005B8E82 /* Support Files */,
				44E3D89424C099C6005B8E82 /* Managers */,
				44E3D89224C0964B005B8E82 /* Models */,
				44E3D89124C09647005B8E82 /* Scenes */,
				44E3D89324C0965B005B8E82 /* Storyboards */,
				44E3D87D24C094A6005B8E82 /* AppDelegate.swift */,
				44E3D88624C094AC005B8E82 /* Assets.xcassets */,
				44E3D88B24C094AC005B8E82 /* Info.plist */,
			);
			path = "Cocktail DB";
			sourceTree = "<group>";
		};
		44E3D89124C09647005B8E82 /* Scenes */ = {
			isa = PBXGroup;
			children = (
				44E3D8B424C0AE90005B8E82 /* Filters */,
				44E3D8B324C0AE8A005B8E82 /* Drinks */,
			);
			path = Scenes;
			sourceTree = "<group>";
		};
		44E3D89224C0964B005B8E82 /* Models */ = {
			isa = PBXGroup;
			children = (
				44E3D8BB24C0BCC0005B8E82 /* FilterModel.swift */,
				44E3D8BD24C0BDEB005B8E82 /* DrinkModel.swift */,
			);
			path = Models;
			sourceTree = "<group>";
		};
		44E3D89324C0965B005B8E82 /* Storyboards */ = {
			isa = PBXGroup;
			children = (
				44E3D88324C094A6005B8E82 /* Main.storyboard */,
				44E3D88824C094AC005B8E82 /* LaunchScreen.storyboard */,
			);
			path = Storyboards;
			sourceTree = "<group>";
		};
		44E3D89424C099C6005B8E82 /* Managers */ = {
			isa = PBXGroup;
			children = (
				44E3D89524C099D2005B8E82 /* APIManager.swift */,
			);
			path = Managers;
			sourceTree = "<group>";
		};
		44E3D89724C099DD005B8E82 /* Support Files */ = {
			isa = PBXGroup;
			children = (
				44E3D89A24C09A82005B8E82 /* Fonts */,
				44E3D89824C099E9005B8E82 /* Constants.swift */,
			);
			path = "Support Files";
			sourceTree = "<group>";
		};
		44E3D89A24C09A82005B8E82 /* Fonts */ = {
			isa = PBXGroup;
			children = (
				44E3D89B24C09AFB005B8E82 /* Roboto-Black.ttf */,
				44E3D8A024C09AFB005B8E82 /* Roboto-BlackItalic.ttf */,
				44E3D89F24C09AFB005B8E82 /* Roboto-Bold.ttf */,
				44E3D8A624C09AFC005B8E82 /* Roboto-BoldItalic.ttf */,
				44E3D89E24C09AFB005B8E82 /* Roboto-Italic.ttf */,
				44E3D8A424C09AFB005B8E82 /* Roboto-Light.ttf */,
				44E3D89C24C09AFB005B8E82 /* Roboto-LightItalic.ttf */,
				44E3D89D24C09AFB005B8E82 /* Roboto-Medium.ttf */,
				44E3D8A124C09AFB005B8E82 /* Roboto-MediumItalic.ttf */,
				44E3D8A324C09AFB005B8E82 /* Roboto-Regular.ttf */,
				44E3D8A524C09AFC005B8E82 /* Roboto-Thin.ttf */,
				44E3D8A224C09AFB005B8E82 /* Roboto-ThinItalic.ttf */,
			);
			path = Fonts;
			sourceTree = "<group>";
		};
		44E3D8B324C0AE8A005B8E82 /* Drinks */ = {
			isa = PBXGroup;
			children = (
				44E3D88124C094A6005B8E82 /* DrinksVC.swift */,
				44E3D8B924C0B8BB005B8E82 /* DrinksVM.swift */,
			);
			path = Drinks;
			sourceTree = "<group>";
		};
		44E3D8B424C0AE90005B8E82 /* Filters */ = {
			isa = PBXGroup;
			children = (
				44E3D8B524C0AEBB005B8E82 /* FiltersVC.swift */,
				44E3D8B724C0B8B0005B8E82 /* FiltersVM.swift */,
			);
			path = Filters;
			sourceTree = "<group>";
		};
		5812A548DD03208CD88015D4 /* Pods */ = {
			isa = PBXGroup;
			children = (
				11881BC0DC3511BDBB7F7702 /* Pods-Cocktail DB.debug.xcconfig */,
				F4D7163E2B5A09C7AD4B66F6 /* Pods-Cocktail DB.release.xcconfig */,
			);
			path = Pods;
			sourceTree = "<group>";
		};
		B5D599C323429F24F5EDDE0D /* Frameworks */ = {
			isa = PBXGroup;
			children = (
				E1F3C611AD3638FC44E446EE /* Pods_Cocktail_DB.framework */,
			);
			name = Frameworks;
			sourceTree = "<group>";
		};
/* End PBXGroup section */

/* Begin PBXNativeTarget section */
		44E3D87924C094A6005B8E82 /* Cocktail DB */ = {
			isa = PBXNativeTarget;
			buildConfigurationList = 44E3D88E24C094AC005B8E82 /* Build configuration list for PBXNativeTarget "Cocktail DB" */;
			buildPhases = (
				3D324539016E4A3D779277BD /* [CP] Check Pods Manifest.lock */,
				44E3D87624C094A6005B8E82 /* Sources */,
				44E3D87724C094A6005B8E82 /* Frameworks */,
				44E3D87824C094A6005B8E82 /* Resources */,
				3460D27A841B1F85F0B934E7 /* [CP] Embed Pods Frameworks */,
			);
			buildRules = (
			);
			dependencies = (
			);
			name = "Cocktail DB";
			productName = "Cocktail DB";
			productReference = 44E3D87A24C094A6005B8E82 /* Cocktail DB.app */;
			productType = "com.apple.product-type.application";
		};
/* End PBXNativeTarget section */

/* Begin PBXProject section */
		44E3D87224C094A6005B8E82 /* Project object */ = {
			isa = PBXProject;
			attributes = {
				LastSwiftUpdateCheck = 1150;
				LastUpgradeCheck = 1150;
				ORGANIZATIONNAME = hialex;
				TargetAttributes = {
					44E3D87924C094A6005B8E82 = {
						CreatedOnToolsVersion = 11.5;
					};
				};
			};
			buildConfigurationList = 44E3D87524C094A6005B8E82 /* Build configuration list for PBXProject "Cocktail DB" */;
			compatibilityVersion = "Xcode 9.3";
			developmentRegion = en;
			hasScannedForEncodings = 0;
			knownRegions = (
				en,
				Base,
			);
			mainGroup = 44E3D87124C094A6005B8E82;
			productRefGroup = 44E3D87B24C094A6005B8E82 /* Products */;
			projectDirPath = "";
			projectRoot = "";
			targets = (
				44E3D87924C094A6005B8E82 /* Cocktail DB */,
			);
		};
/* End PBXProject section */

/* Begin PBXResourcesBuildPhase section */
		44E3D87824C094A6005B8E82 /* Resources */ = {
			isa = PBXResourcesBuildPhase;
			buildActionMask = 2147483647;
			files = (
				44E3D8B124C09AFC005B8E82 /* Roboto-Thin.ttf in Resources */,
				44E3D88A24C094AC005B8E82 /* LaunchScreen.storyboard in Resources */,
				44E3D88724C094AC005B8E82 /* Assets.xcassets in Resources */,
				44E3D8B224C09AFC005B8E82 /* Roboto-BoldItalic.ttf in Resources */,
				44E3D8A924C09AFC005B8E82 /* Roboto-Medium.ttf in Resources */,
				44E3D8AE24C09AFC005B8E82 /* Roboto-ThinItalic.ttf in Resources */,
				44CD68A324C2675C00D81559 /* CustomNavBar.xib in Resources */,
				44E3D8A824C09AFC005B8E82 /* Roboto-LightItalic.ttf in Resources */,
				44E3D8AC24C09AFC005B8E82 /* Roboto-BlackItalic.ttf in Resources */,
				44E3D8AF24C09AFC005B8E82 /* Roboto-Regular.ttf in Resources */,
				44E3D8AA24C09AFC005B8E82 /* Roboto-Italic.ttf in Resources */,
				44E3D8AD24C09AFC005B8E82 /* Roboto-MediumItalic.ttf in Resources */,
				44E3D8B024C09AFC005B8E82 /* Roboto-Light.ttf in Resources */,
				44E3D88524C094A6005B8E82 /* Main.storyboard in Resources */,
				44E3D8AB24C09AFC005B8E82 /* Roboto-Bold.ttf in Resources */,
				44E3D8A724C09AFC005B8E82 /* Roboto-Black.ttf in Resources */,
			);
			runOnlyForDeploymentPostprocessing = 0;
		};
/* End PBXResourcesBuildPhase section */

/* Begin PBXShellScriptBuildPhase section */
		3460D27A841B1F85F0B934E7 /* [CP] Embed Pods Frameworks */ = {
			isa = PBXShellScriptBuildPhase;
			buildActionMask = 2147483647;
			files = (
			);
			inputFileListPaths = (
				"${PODS_ROOT}/Target Support Files/Pods-Cocktail DB/Pods-Cocktail DB-frameworks-${CONFIGURATION}-input-files.xcfilelist",
			);
			name = "[CP] Embed Pods Frameworks";
			outputFileListPaths = (
				"${PODS_ROOT}/Target Support Files/Pods-Cocktail DB/Pods-Cocktail DB-frameworks-${CONFIGURATION}-output-files.xcfilelist",
			);
			runOnlyForDeploymentPostprocessing = 0;
			shellPath = /bin/sh;
			shellScript = "\"${PODS_ROOT}/Target Support Files/Pods-Cocktail DB/Pods-Cocktail DB-frameworks.sh\"\n";
			showEnvVarsInLog = 0;
		};
		3D324539016E4A3D779277BD /* [CP] Check Pods Manifest.lock */ = {
			isa = PBXShellScriptBuildPhase;
			buildActionMask = 2147483647;
			files = (
			);
			inputFileListPaths = (
			);
			inputPaths = (
				"${PODS_PODFILE_DIR_PATH}/Podfile.lock",
				"${PODS_ROOT}/Manifest.lock",
			);
			name = "[CP] Check Pods Manifest.lock";
			outputFileListPaths = (
			);
			outputPaths = (
				"$(DERIVED_FILE_DIR)/Pods-Cocktail DB-checkManifestLockResult.txt",
			);
			runOnlyForDeploymentPostprocessing = 0;
			shellPath = /bin/sh;
			shellScript = "diff \"${PODS_PODFILE_DIR_PATH}/Podfile.lock\" \"${PODS_ROOT}/Manifest.lock\" > /dev/null\nif [ $? != 0 ] ; then\n    # print error to STDERR\n    echo \"error: The sandbox is not in sync with the Podfile.lock. Run 'pod install' or update your CocoaPods installation.\" >&2\n    exit 1\nfi\n# This output is used by Xcode 'outputs' to avoid re-running this script phase.\necho \"SUCCESS\" > \"${SCRIPT_OUTPUT_FILE_0}\"\n";
			showEnvVarsInLog = 0;
		};
/* End PBXShellScriptBuildPhase section */

/* Begin PBXSourcesBuildPhase section */
		44E3D87624C094A6005B8E82 /* Sources */ = {
			isa = PBXSourcesBuildPhase;
			buildActionMask = 2147483647;
			files = (
				44E3D89624C099D2005B8E82 /* APIManager.swift in Sources */,
				44E3D88224C094A6005B8E82 /* DrinksVC.swift in Sources */,
				44E3D87E24C094A6005B8E82 /* AppDelegate.swift in Sources */,
				44E3D8BC24C0BCC0005B8E82 /* FilterModel.swift in Sources */,
				44E3D8BA24C0B8BB005B8E82 /* DrinksVM.swift in Sources */,
				444B868124C1C0A400E6B102 /* FilterTVC.swift in Sources */,
				44CD68A524C26C8100D81559 /* CustomNavBar.swift in Sources */,
				44E3D8B624C0AEBB005B8E82 /* FiltersVC.swift in Sources */,
				44E3D8B824C0B8B0005B8E82 /* FiltersVM.swift in Sources */,
				44CD68A824C26EA600D81559 /* CustomVC.swift in Sources */,
				44E3D89924C099E9005B8E82 /* Constants.swift in Sources */,
				44E3D8BE24C0BDEB005B8E82 /* DrinkModel.swift in Sources */,
				444B867F24C1C09800E6B102 /* DrinkTVC.swift in Sources */,
			);
			runOnlyForDeploymentPostprocessing = 0;
		};
/* End PBXSourcesBuildPhase section */

/* Begin PBXVariantGroup section */
		44E3D88324C094A6005B8E82 /* Main.storyboard */ = {
			isa = PBXVariantGroup;
			children = (
				44E3D88424C094A6005B8E82 /* Base */,
			);
			name = Main.storyboard;
			sourceTree = "<group>";
		};
		44E3D88824C094AC005B8E82 /* LaunchScreen.storyboard */ = {
			isa = PBXVariantGroup;
			children = (
				44E3D88924C094AC005B8E82 /* Base */,
			);
			name = LaunchScreen.storyboard;
			sourceTree = "<group>";
		};
/* End PBXVariantGroup section */

/* Begin XCBuildConfiguration section */
		44E3D88C24C094AC005B8E82 /* Debug */ = {
			isa = XCBuildConfiguration;
			buildSettings = {
				ALWAYS_SEARCH_USER_PATHS = NO;
				CLANG_ANALYZER_NONNULL = YES;
				CLANG_ANALYZER_NUMBER_OBJECT_CONVERSION = YES_AGGRESSIVE;
				CLANG_CXX_LANGUAGE_STANDARD = "gnu++14";
				CLANG_CXX_LIBRARY = "libc++";
				CLANG_ENABLE_MODULES = YES;
				CLANG_ENABLE_OBJC_ARC = YES;
				CLANG_ENABLE_OBJC_WEAK = YES;
				CLANG_WARN_BLOCK_CAPTURE_AUTORELEASING = YES;
				CLANG_WARN_BOOL_CONVERSION = YES;
				CLANG_WARN_COMMA = YES;
				CLANG_WARN_CONSTANT_CONVERSION = YES;
				CLANG_WARN_DEPRECATED_OBJC_IMPLEMENTATIONS = YES;
				CLANG_WARN_DIRECT_OBJC_ISA_USAGE = YES_ERROR;
				CLANG_WARN_DOCUMENTATION_COMMENTS = YES;
				CLANG_WARN_EMPTY_BODY = YES;
				CLANG_WARN_ENUM_CONVERSION = YES;
				CLANG_WARN_INFINITE_RECURSION = YES;
				CLANG_WARN_INT_CONVERSION = YES;
				CLANG_WARN_NON_LITERAL_NULL_CONVERSION = YES;
				CLANG_WARN_OBJC_IMPLICIT_RETAIN_SELF = YES;
				CLANG_WARN_OBJC_LITERAL_CONVERSION = YES;
				CLANG_WARN_OBJC_ROOT_CLASS = YES_ERROR;
				CLANG_WARN_RANGE_LOOP_ANALYSIS = YES;
				CLANG_WARN_STRICT_PROTOTYPES = YES;
				CLANG_WARN_SUSPICIOUS_MOVE = YES;
				CLANG_WARN_UNGUARDED_AVAILABILITY = YES_AGGRESSIVE;
				CLANG_WARN_UNREACHABLE_CODE = YES;
				CLANG_WARN__DUPLICATE_METHOD_MATCH = YES;
				COPY_PHASE_STRIP = NO;
				DEBUG_INFORMATION_FORMAT = dwarf;
				ENABLE_STRICT_OBJC_MSGSEND = YES;
				ENABLE_TESTABILITY = YES;
				GCC_C_LANGUAGE_STANDARD = gnu11;
				GCC_DYNAMIC_NO_PIC = NO;
				GCC_NO_COMMON_BLOCKS = YES;
				GCC_OPTIMIZATION_LEVEL = 0;
				GCC_PREPROCESSOR_DEFINITIONS = (
					"DEBUG=1",
					"$(inherited)",
				);
				GCC_WARN_64_TO_32_BIT_CONVERSION = YES;
				GCC_WARN_ABOUT_RETURN_TYPE = YES_ERROR;
				GCC_WARN_UNDECLARED_SELECTOR = YES;
				GCC_WARN_UNINITIALIZED_AUTOS = YES_AGGRESSIVE;
				GCC_WARN_UNUSED_FUNCTION = YES;
				GCC_WARN_UNUSED_VARIABLE = YES;
				IPHONEOS_DEPLOYMENT_TARGET = 12.0;
				MTL_ENABLE_DEBUG_INFO = INCLUDE_SOURCE;
				MTL_FAST_MATH = YES;
				ONLY_ACTIVE_ARCH = YES;
				SDKROOT = iphoneos;
				SWIFT_ACTIVE_COMPILATION_CONDITIONS = DEBUG;
				SWIFT_OPTIMIZATION_LEVEL = "-Onone";
			};
			name = Debug;
		};
		44E3D88D24C094AC005B8E82 /* Release */ = {
			isa = XCBuildConfiguration;
			buildSettings = {
				ALWAYS_SEARCH_USER_PATHS = NO;
				CLANG_ANALYZER_NONNULL = YES;
				CLANG_ANALYZER_NUMBER_OBJECT_CONVERSION = YES_AGGRESSIVE;
				CLANG_CXX_LANGUAGE_STANDARD = "gnu++14";
				CLANG_CXX_LIBRARY = "libc++";
				CLANG_ENABLE_MODULES = YES;
				CLANG_ENABLE_OBJC_ARC = YES;
				CLANG_ENABLE_OBJC_WEAK = YES;
				CLANG_WARN_BLOCK_CAPTURE_AUTORELEASING = YES;
				CLANG_WARN_BOOL_CONVERSION = YES;
				CLANG_WARN_COMMA = YES;
				CLANG_WARN_CONSTANT_CONVERSION = YES;
				CLANG_WARN_DEPRECATED_OBJC_IMPLEMENTATIONS = YES;
				CLANG_WARN_DIRECT_OBJC_ISA_USAGE = YES_ERROR;
				CLANG_WARN_DOCUMENTATION_COMMENTS = YES;
				CLANG_WARN_EMPTY_BODY = YES;
				CLANG_WARN_ENUM_CONVERSION = YES;
				CLANG_WARN_INFINITE_RECURSION = YES;
				CLANG_WARN_INT_CONVERSION = YES;
				CLANG_WARN_NON_LITERAL_NULL_CONVERSION = YES;
				CLANG_WARN_OBJC_IMPLICIT_RETAIN_SELF = YES;
				CLANG_WARN_OBJC_LITERAL_CONVERSION = YES;
				CLANG_WARN_OBJC_ROOT_CLASS = YES_ERROR;
				CLANG_WARN_RANGE_LOOP_ANALYSIS = YES;
				CLANG_WARN_STRICT_PROTOTYPES = YES;
				CLANG_WARN_SUSPICIOUS_MOVE = YES;
				CLANG_WARN_UNGUARDED_AVAILABILITY = YES_AGGRESSIVE;
				CLANG_WARN_UNREACHABLE_CODE = YES;
				CLANG_WARN__DUPLICATE_METHOD_MATCH = YES;
				COPY_PHASE_STRIP = NO;
				DEBUG_INFORMATION_FORMAT = "dwarf-with-dsym";
				ENABLE_NS_ASSERTIONS = NO;
				ENABLE_STRICT_OBJC_MSGSEND = YES;
				GCC_C_LANGUAGE_STANDARD = gnu11;
				GCC_NO_COMMON_BLOCKS = YES;
				GCC_WARN_64_TO_32_BIT_CONVERSION = YES;
				GCC_WARN_ABOUT_RETURN_TYPE = YES_ERROR;
				GCC_WARN_UNDECLARED_SELECTOR = YES;
				GCC_WARN_UNINITIALIZED_AUTOS = YES_AGGRESSIVE;
				GCC_WARN_UNUSED_FUNCTION = YES;
				GCC_WARN_UNUSED_VARIABLE = YES;
				IPHONEOS_DEPLOYMENT_TARGET = 12.0;
				MTL_ENABLE_DEBUG_INFO = NO;
				MTL_FAST_MATH = YES;
				SDKROOT = iphoneos;
				SWIFT_COMPILATION_MODE = wholemodule;
				SWIFT_OPTIMIZATION_LEVEL = "-O";
				VALIDATE_PRODUCT = YES;
			};
			name = Release;
		};
		44E3D88F24C094AC005B8E82 /* Debug */ = {
			isa = XCBuildConfiguration;
			baseConfigurationReference = 11881BC0DC3511BDBB7F7702 /* Pods-Cocktail DB.debug.xcconfig */;
			buildSettings = {
				ASSETCATALOG_COMPILER_APPICON_NAME = AppIcon;
				CODE_SIGN_STYLE = Automatic;
				DEVELOPMENT_TEAM = V78KN6V8CS;
				INFOPLIST_FILE = "Cocktail DB/Info.plist";
				LD_RUNPATH_SEARCH_PATHS = (
					"$(inherited)",
					"@executable_path/Frameworks",
				);
				PRODUCT_BUNDLE_IDENTIFIER = "com.hialex.Cocktail-DB";
				PRODUCT_NAME = "$(TARGET_NAME)";
				SWIFT_VERSION = 5.0;
				TARGETED_DEVICE_FAMILY = 1;
			};
			name = Debug;
		};
		44E3D89024C094AC005B8E82 /* Release */ = {
			isa = XCBuildConfiguration;
			baseConfigurationReference = F4D7163E2B5A09C7AD4B66F6 /* Pods-Cocktail DB.release.xcconfig */;
			buildSettings = {
				ASSETCATALOG_COMPILER_APPICON_NAME = AppIcon;
				CODE_SIGN_STYLE = Automatic;
				DEVELOPMENT_TEAM = V78KN6V8CS;
				INFOPLIST_FILE = "Cocktail DB/Info.plist";
				LD_RUNPATH_SEARCH_PATHS = (
					"$(inherited)",
					"@executable_path/Frameworks",
				);
				PRODUCT_BUNDLE_IDENTIFIER = "com.hialex.Cocktail-DB";
				PRODUCT_NAME = "$(TARGET_NAME)";
				SWIFT_VERSION = 5.0;
				TARGETED_DEVICE_FAMILY = 1;
			};
			name = Release;
		};
/* End XCBuildConfiguration section */

/* Begin XCConfigurationList section */
		44E3D87524C094A6005B8E82 /* Build configuration list for PBXProject "Cocktail DB" */ = {
			isa = XCConfigurationList;
			buildConfigurations = (
				44E3D88C24C094AC005B8E82 /* Debug */,
				44E3D88D24C094AC005B8E82 /* Release */,
			);
			defaultConfigurationIsVisible = 0;
			defaultConfigurationName = Release;
		};
		44E3D88E24C094AC005B8E82 /* Build configuration list for PBXNativeTarget "Cocktail DB" */ = {
			isa = XCConfigurationList;
			buildConfigurations = (
				44E3D88F24C094AC005B8E82 /* Debug */,
				44E3D89024C094AC005B8E82 /* Release */,
			);
			defaultConfigurationIsVisible = 0;
			defaultConfigurationName = Release;
		};
/* End XCConfigurationList section */
	};
	rootObject = 44E3D87224C094A6005B8E82 /* Project object */;
}
